
Microsoft Visual Studio Solution File, Format Version 12.00
# Visual Studio Version 17
VisualStudioVersion = 17.6.33829.357
MinimumVisualStudioVersion = 10.0.40219.1
Project("{888888A0-9F3D-457C-B088-3A5042F75D52}") = "stylometry", "stylometry\stylometry.pyproj", "{FD836367-D71F-4DFE-8DD2-590876A57D80}"
EndProject
Global
	GlobalSection(SolutionConfigurationPlatforms) = preSolution
		Debug|Any CPU = Debug|Any CPU
		Release|Any CPU = Release|Any CPU
	EndGlobalSection
	GlobalSection(ProjectConfigurationPlatforms) = postSolution
		{FD836367-D71F-4DFE-8DD2-590876A57D80}.Debug|Any CPU.ActiveCfg = Debug|Any CPU
		{FD836367-D71F-4DFE-8DD2-590876A57D80}.Release|Any CPU.ActiveCfg = Release|Any CPU
	EndGlobalSection
	GlobalSection(SolutionProperties) = preSolution
		HideSolutionNode = FALSE
	EndGlobalSection
	GlobalSection(ExtensibilityGlobals) = postSolution
		SolutionGuid = {88C5D75D-51A1-432B-8CB0-617CA450EE4D}
	EndGlobalSection
EndGlobal
